
Microsoft Visual Studio Solution File, Format Version 12.00
# Visual Studio Version 16
VisualStudioVersion = 16.0.30413.136
MinimumVisualStudioVersion = 10.0.40219.1
Project("{2150E333-8FDC-42A3-9474-1A3956D46DE8}") = "Microservices", "Microservices", "{417D1024-8E00-4A27-8946-175D775EA710}"
EndProject
Project("{2150E333-8FDC-42A3-9474-1A3956D46DE8}") = "Domain", "Domain", "{72C03BB3-FBA3-4D97-B94B-39E4060B2439}"
EndProject
Project("{2150E333-8FDC-42A3-9474-1A3956D46DE8}") = "Infra.Bus", "Infra.Bus", "{3BB3093B-B6FC-4F6A-A903-CC1C321FBC27}"
EndProject
Project("{2150E333-8FDC-42A3-9474-1A3956D46DE8}") = "Infra.IoC", "Infra.IoC", "{0F4FE419-4598-46B1-B91C-1C7BCEBC50E9}"
EndProject
Project("{2150E333-8FDC-42A3-9474-1A3956D46DE8}") = "Presentation", "Presentation", "{6908EE94-DD4F-4678-9DB9-3817629F7493}"
EndProject
Project("{9A19103F-16F7-4668-BE54-9A1E7A4F7556}") = "MicroRabbit.Domain.Core", "MicroRabbit.Domain.Core\MicroRabbit.Domain.Core.csproj", "{0EDF5C1B-9C65-4EE7-8CEB-78A32899B7F4}"
EndProject
Project("{9A19103F-16F7-4668-BE54-9A1E7A4F7556}") = "MicroRabbit.Infra.Bus", "MicroRabbit.Infra.Bus\MicroRabbit.Infra.Bus.csproj", "{DB73C420-5253-4F82-A31A-E2516F38ED1F}"
EndProject
Project("{9A19103F-16F7-4668-BE54-9A1E7A4F7556}") = "MicroRabbit.Infra.IoC", "MicroRabbit.Infra.IoC\MicroRabbit.Infra.IoC.csproj", "{90B63837-A58A-487C-9E31-62F0628B5458}"
EndProject
Project("{2150E333-8FDC-42A3-9474-1A3956D46DE8}") = "Banking", "Banking", "{212DB86D-AC01-4069-92C2-0A1150D3FBC8}"
EndProject
Project("{2150E333-8FDC-42A3-9474-1A3956D46DE8}") = "Api", "Api", "{A09DE07F-2397-45AA-9701-6E01DD3BDCD6}"
EndProject
Project("{2150E333-8FDC-42A3-9474-1A3956D46DE8}") = "Domain", "Domain", "{4EEA9324-C519-49A9-BCC7-91CEC22C3E3C}"
EndProject
Project("{2150E333-8FDC-42A3-9474-1A3956D46DE8}") = "Application", "Application", "{0871F428-4A85-435B-8097-0D834007BCDD}"
EndProject
Project("{2150E333-8FDC-42A3-9474-1A3956D46DE8}") = "Data", "Data", "{1BD358D8-E5EB-4EC7-907B-D8BFEBAFF583}"
EndProject
Project("{9A19103F-16F7-4668-BE54-9A1E7A4F7556}") = "MicroRabbit.Banking.Api", "MicroRabbit.Banking.Api\MicroRabbit.Banking.Api.csproj", "{BBBD04F9-EF56-4D72-9DE1-01395C2498EE}"
EndProject
Project("{9A19103F-16F7-4668-BE54-9A1E7A4F7556}") = "MicroRabbit.Banking.Application", "MicroRabbit.Banking.Application\MicroRabbit.Banking.Application.csproj", "{CDB1AB81-061E-4C6C-B0C9-473F27F499CB}"
EndProject
Project("{9A19103F-16F7-4668-BE54-9A1E7A4F7556}") = "MicroRabbit.Banking.Data", "MicroRabbit.Banking.Data\MicroRabbit.Banking.Data.csproj", "{4E8ACEA4-DD01-47BE-A12F-F9C930882CEB}"
EndProject
Project("{9A19103F-16F7-4668-BE54-9A1E7A4F7556}") = "MicroRabbit.Banking.Domain", "MicroRabbit.Banking.Domain\MicroRabbit.Banking.Domain.csproj", "{84D69A64-8732-4876-8000-621CEF9E9918}"
EndProject
Project("{2150E333-8FDC-42A3-9474-1A3956D46DE8}") = "Transfer", "Transfer", "{B1D97925-4C69-4B10-B1EF-470FDAF38ADF}"
EndProject
Project("{2150E333-8FDC-42A3-9474-1A3956D46DE8}") = "Api", "Api", "{AAE46ECB-03B8-4033-B609-26CC2611034D}"
EndProject
Project("{2150E333-8FDC-42A3-9474-1A3956D46DE8}") = "Application", "Application", "{B34DB518-1C60-4535-88CC-29582D9F3B6C}"
EndProject
Project("{2150E333-8FDC-42A3-9474-1A3956D46DE8}") = "Data", "Data", "{7128293C-4E1A-49A7-8654-42CFD427FB4A}"
EndProject
Project("{2150E333-8FDC-42A3-9474-1A3956D46DE8}") = "Domain", "Domain", "{D50CD4C1-8DB3-4C95-BA51-3F0A5006C2DC}"
EndProject
Project("{9A19103F-16F7-4668-BE54-9A1E7A4F7556}") = "MicroRabbit.Transfer.Api", "MicroRabbit.Transfer.Api\MicroRabbit.Transfer.Api.csproj", "{F366EB01-5316-4053-ADEF-6EED18334D0F}"
EndProject
Project("{9A19103F-16F7-4668-BE54-9A1E7A4F7556}") = "MicroRabbit.Transfer.Application", "MicroRabbit.Transfer.Application\MicroRabbit.Transfer.Application.csproj", "{BB0957AA-D0C1-4B6D-BCD4-EA6B7B1F6F49}"
EndProject
Project("{9A19103F-16F7-4668-BE54-9A1E7A4F7556}") = "MicroRabbit.Transfer.Domain", "MicroRabbit.Transfer.Domain\MicroRabbit.Transfer.Domain.csproj", "{EDC7CF2F-3356-4881-A9E3-6BB50EE3880B}"
EndProject
Project("{9A19103F-16F7-4668-BE54-9A1E7A4F7556}") = "MicroRabbit.Transfer.Data", "MicroRabbit.Transfer.Data\MicroRabbit.Transfer.Data.csproj", "{1E44EA77-2A4E-4374-9489-AEEAC0F2506E}"
EndProject
Project("{FAE04EC0-301F-11D3-BF4B-00C04F79EFBC}") = "MicroRabbit.MVC", "MicroRabbit.MVC\MicroRabbit.MVC.csproj", "{4790A38D-66A0-460A-8D1E-1E1CAE79AADE}"
EndProject
Global
	GlobalSection(SolutionConfigurationPlatforms) = preSolution
		Debug|Any CPU = Debug|Any CPU
		Release|Any CPU = Release|Any CPU
	EndGlobalSection
	GlobalSection(ProjectConfigurationPlatforms) = postSolution
		{0EDF5C1B-9C65-4EE7-8CEB-78A32899B7F4}.Debug|Any CPU.ActiveCfg = Debug|Any CPU
		{0EDF5C1B-9C65-4EE7-8CEB-78A32899B7F4}.Debug|Any CPU.Build.0 = Debug|Any CPU
		{0EDF5C1B-9C65-4EE7-8CEB-78A32899B7F4}.Release|Any CPU.ActiveCfg = Release|Any CPU
		{0EDF5C1B-9C65-4EE7-8CEB-78A32899B7F4}.Release|Any CPU.Build.0 = Release|Any CPU
		{DB73C420-5253-4F82-A31A-E2516F38ED1F}.Debug|Any CPU.ActiveCfg = Debug|Any CPU
		{DB73C420-5253-4F82-A31A-E2516F38ED1F}.Debug|Any CPU.Build.0 = Debug|Any CPU
		{DB73C420-5253-4F82-A31A-E2516F38ED1F}.Release|Any CPU.ActiveCfg = Release|Any CPU
		{DB73C420-5253-4F82-A31A-E2516F38ED1F}.Release|Any CPU.Build.0 = Release|Any CPU
		{90B63837-A58A-487C-9E31-62F0628B5458}.Debug|Any CPU.ActiveCfg = Debug|Any CPU
		{90B63837-A58A-487C-9E31-62F0628B5458}.Debug|Any CPU.Build.0 = Debug|Any CPU
		{90B63837-A58A-487C-9E31-62F0628B5458}.Release|Any CPU.ActiveCfg = Release|Any CPU
		{90B63837-A58A-487C-9E31-62F0628B5458}.Release|Any CPU.Build.0 = Release|Any CPU
		{BBBD04F9-EF56-4D72-9DE1-01395C2498EE}.Debug|Any CPU.ActiveCfg = Debug|Any CPU
		{BBBD04F9-EF56-4D72-9DE1-01395C2498EE}.Debug|Any CPU.Build.0 = Debug|Any CPU
		{BBBD04F9-EF56-4D72-9DE1-01395C2498EE}.Release|Any CPU.ActiveCfg = Release|Any CPU
		{BBBD04F9-EF56-4D72-9DE1-01395C2498EE}.Release|Any CPU.Build.0 = Release|Any CPU
		{CDB1AB81-061E-4C6C-B0C9-473F27F499CB}.Debug|Any CPU.ActiveCfg = Debug|Any CPU
		{CDB1AB81-061E-4C6C-B0C9-473F27F499CB}.Debug|Any CPU.Build.0 = Debug|Any CPU
		{CDB1AB81-061E-4C6C-B0C9-473F27F499CB}.Release|Any CPU.ActiveCfg = Release|Any CPU
		{CDB1AB81-061E-4C6C-B0C9-473F27F499CB}.Release|Any CPU.Build.0 = Release|Any CPU
		{4E8ACEA4-DD01-47BE-A12F-F9C930882CEB}.Debug|Any CPU.ActiveCfg = Debug|Any CPU
		{4E8ACEA4-DD01-47BE-A12F-F9C930882CEB}.Debug|Any CPU.Build.0 = Debug|Any CPU
		{4E8ACEA4-DD01-47BE-A12F-F9C930882CEB}.Release|Any CPU.ActiveCfg = Release|Any CPU
		{4E8ACEA4-DD01-47BE-A12F-F9C930882CEB}.Release|Any CPU.Build.0 = Release|Any CPU
		{84D69A64-8732-4876-8000-621CEF9E9918}.Debug|Any CPU.ActiveCfg = Debug|Any CPU
		{84D69A64-8732-4876-8000-621CEF9E9918}.Debug|Any CPU.Build.0 = Debug|Any CPU
		{84D69A64-8732-4876-8000-621CEF9E9918}.Release|Any CPU.ActiveCfg = Release|Any CPU
		{84D69A64-8732-4876-8000-621CEF9E9918}.Release|Any CPU.Build.0 = Release|Any CPU
		{F366EB01-5316-4053-ADEF-6EED18334D0F}.Debug|Any CPU.ActiveCfg = Debug|Any CPU
		{F366EB01-5316-4053-ADEF-6EED18334D0F}.Debug|Any CPU.Build.0 = Debug|Any CPU
		{F366EB01-5316-4053-ADEF-6EED18334D0F}.Release|Any CPU.ActiveCfg = Release|Any CPU
		{F366EB01-5316-4053-ADEF-6EED18334D0F}.Release|Any CPU.Build.0 = Release|Any CPU
		{BB0957AA-D0C1-4B6D-BCD4-EA6B7B1F6F49}.Debug|Any CPU.ActiveCfg = Debug|Any CPU
		{BB0957AA-D0C1-4B6D-BCD4-EA6B7B1F6F49}.Debug|Any CPU.Build.0 = Debug|Any CPU
		{BB0957AA-D0C1-4B6D-BCD4-EA6B7B1F6F49}.Release|Any CPU.ActiveCfg = Release|Any CPU
		{BB0957AA-D0C1-4B6D-BCD4-EA6B7B1F6F49}.Release|Any CPU.Build.0 = Release|Any CPU
		{EDC7CF2F-3356-4881-A9E3-6BB50EE3880B}.Debug|Any CPU.ActiveCfg = Debug|Any CPU
		{EDC7CF2F-3356-4881-A9E3-6BB50EE3880B}.Debug|Any CPU.Build.0 = Debug|Any CPU
		{EDC7CF2F-3356-4881-A9E3-6BB50EE3880B}.Release|Any CPU.ActiveCfg = Release|Any CPU
		{EDC7CF2F-3356-4881-A9E3-6BB50EE3880B}.Release|Any CPU.Build.0 = Release|Any CPU
		{1E44EA77-2A4E-4374-9489-AEEAC0F2506E}.Debug|Any CPU.ActiveCfg = Debug|Any CPU
		{1E44EA77-2A4E-4374-9489-AEEAC0F2506E}.Debug|Any CPU.Build.0 = Debug|Any CPU
		{1E44EA77-2A4E-4374-9489-AEEAC0F2506E}.Release|Any CPU.ActiveCfg = Release|Any CPU
		{1E44EA77-2A4E-4374-9489-AEEAC0F2506E}.Release|Any CPU.Build.0 = Release|Any CPU
		{4790A38D-66A0-460A-8D1E-1E1CAE79AADE}.Debug|Any CPU.ActiveCfg = Debug|Any CPU
		{4790A38D-66A0-460A-8D1E-1E1CAE79AADE}.Debug|Any CPU.Build.0 = Debug|Any CPU
		{4790A38D-66A0-460A-8D1E-1E1CAE79AADE}.Release|Any CPU.ActiveCfg = Release|Any CPU
		{4790A38D-66A0-460A-8D1E-1E1CAE79AADE}.Release|Any CPU.Build.0 = Release|Any CPU
	EndGlobalSection
	GlobalSection(SolutionProperties) = preSolution
		HideSolutionNode = FALSE
	EndGlobalSection
	GlobalSection(NestedProjects) = preSolution
		{0EDF5C1B-9C65-4EE7-8CEB-78A32899B7F4} = {72C03BB3-FBA3-4D97-B94B-39E4060B2439}
		{DB73C420-5253-4F82-A31A-E2516F38ED1F} = {3BB3093B-B6FC-4F6A-A903-CC1C321FBC27}
		{90B63837-A58A-487C-9E31-62F0628B5458} = {0F4FE419-4598-46B1-B91C-1C7BCEBC50E9}
		{212DB86D-AC01-4069-92C2-0A1150D3FBC8} = {417D1024-8E00-4A27-8946-175D775EA710}
		{A09DE07F-2397-45AA-9701-6E01DD3BDCD6} = {212DB86D-AC01-4069-92C2-0A1150D3FBC8}
		{4EEA9324-C519-49A9-BCC7-91CEC22C3E3C} = {212DB86D-AC01-4069-92C2-0A1150D3FBC8}
		{0871F428-4A85-435B-8097-0D834007BCDD} = {212DB86D-AC01-4069-92C2-0A1150D3FBC8}
		{1BD358D8-E5EB-4EC7-907B-D8BFEBAFF583} = {212DB86D-AC01-4069-92C2-0A1150D3FBC8}
		{BBBD04F9-EF56-4D72-9DE1-01395C2498EE} = {A09DE07F-2397-45AA-9701-6E01DD3BDCD6}
		{CDB1AB81-061E-4C6C-B0C9-473F27F499CB} = {0871F428-4A85-435B-8097-0D834007BCDD}
		{4E8ACEA4-DD01-47BE-A12F-F9C930882CEB} = {1BD358D8-E5EB-4EC7-907B-D8BFEBAFF583}
		{84D69A64-8732-4876-8000-621CEF9E9918} = {4EEA9324-C519-49A9-BCC7-91CEC22C3E3C}
		{B1D97925-4C69-4B10-B1EF-470FDAF38ADF} = {417D1024-8E00-4A27-8946-175D775EA710}
		{AAE46ECB-03B8-4033-B609-26CC2611034D} = {B1D97925-4C69-4B10-B1EF-470FDAF38ADF}
		{B34DB518-1C60-4535-88CC-29582D9F3B6C} = {B1D97925-4C69-4B10-B1EF-470FDAF38ADF}
		{7128293C-4E1A-49A7-8654-42CFD427FB4A} = {B1D97925-4C69-4B10-B1EF-470FDAF38ADF}
		{D50CD4C1-8DB3-4C95-BA51-3F0A5006C2DC} = {B1D97925-4C69-4B10-B1EF-470FDAF38ADF}
		{F366EB01-5316-4053-ADEF-6EED18334D0F} = {AAE46ECB-03B8-4033-B609-26CC2611034D}
		{BB0957AA-D0C1-4B6D-BCD4-EA6B7B1F6F49} = {B34DB518-1C60-4535-88CC-29582D9F3B6C}
		{EDC7CF2F-3356-4881-A9E3-6BB50EE3880B} = {D50CD4C1-8DB3-4C95-BA51-3F0A5006C2DC}
		{1E44EA77-2A4E-4374-9489-AEEAC0F2506E} = {7128293C-4E1A-49A7-8654-42CFD427FB4A}
		{4790A38D-66A0-460A-8D1E-1E1CAE79AADE} = {6908EE94-DD4F-4678-9DB9-3817629F7493}
	EndGlobalSection
	GlobalSection(ExtensibilityGlobals) = postSolution
		SolutionGuid = {2EFA3CF8-2269-41FA-AD3D-50872139ECCC}
	EndGlobalSection
EndGlobal
