
Microsoft Visual Studio Solution File, Format Version 12.00
# Visual Studio Version 16
VisualStudioVersion = 16.0.30413.136
MinimumVisualStudioVersion = 10.0.40219.1
Project("{2150E333-8FDC-42A3-9474-1A3956D46DE8}") = "Microservices", "Microservices", "{417D1024-8E00-4A27-8946-175D775EA710}"
EndProject
Project("{2150E333-8FDC-42A3-9474-1A3956D46DE8}") = "Domain", "Domain", "{72C03BB3-FBA3-4D97-B94B-39E4060B2439}"
EndProject
Project("{2150E333-8FDC-42A3-9474-1A3956D46DE8}") = "Infra.Bus", "Infra.Bus", "{3BB3093B-B6FC-4F6A-A903-CC1C321FBC27}"
EndProject
Project("{2150E333-8FDC-42A3-9474-1A3956D46DE8}") = "Infra.IoC", "Infra.IoC", "{0F4FE419-4598-46B1-B91C-1C7BCEBC50E9}"
EndProject
Project("{2150E333-8FDC-42A3-9474-1A3956D46DE8}") = "Presentation", "Presentation", "{6908EE94-DD4F-4678-9DB9-3817629F7493}"
EndProject
Project("{FAE04EC0-301F-11D3-BF4B-00C04F79EFBC}") = "MicroRabbit.Domain.Core", "MicroRabbit.Domain.Core\MicroRabbit.Domain.Core.csproj", "{0EDF5C1B-9C65-4EE7-8CEB-78A32899B7F4}"
EndProject
Project("{FAE04EC0-301F-11D3-BF4B-00C04F79EFBC}") = "MicroRabbit.Infra.Bus", "MicroRabbit.Infra.Bus\MicroRabbit.Infra.Bus.csproj", "{DB73C420-5253-4F82-A31A-E2516F38ED1F}"
EndProject
Project("{FAE04EC0-301F-11D3-BF4B-00C04F79EFBC}") = "MicroRabbit.Infra.IoC", "MicroRabbit.Infra.IoC\MicroRabbit.Infra.IoC.csproj", "{90B63837-A58A-487C-9E31-62F0628B5458}"
EndProject
Global
	GlobalSection(SolutionConfigurationPlatforms) = preSolution
		Debug|Any CPU = Debug|Any CPU
		Release|Any CPU = Release|Any CPU
	EndGlobalSection
	GlobalSection(ProjectConfigurationPlatforms) = postSolution
		{0EDF5C1B-9C65-4EE7-8CEB-78A32899B7F4}.Debug|Any CPU.ActiveCfg = Debug|Any CPU
		{0EDF5C1B-9C65-4EE7-8CEB-78A32899B7F4}.Debug|Any CPU.Build.0 = Debug|Any CPU
		{0EDF5C1B-9C65-4EE7-8CEB-78A32899B7F4}.Release|Any CPU.ActiveCfg = Release|Any CPU
		{0EDF5C1B-9C65-4EE7-8CEB-78A32899B7F4}.Release|Any CPU.Build.0 = Release|Any CPU
		{DB73C420-5253-4F82-A31A-E2516F38ED1F}.Debug|Any CPU.ActiveCfg = Debug|Any CPU
		{DB73C420-5253-4F82-A31A-E2516F38ED1F}.Debug|Any CPU.Build.0 = Debug|Any CPU
		{DB73C420-5253-4F82-A31A-E2516F38ED1F}.Release|Any CPU.ActiveCfg = Release|Any CPU
		{DB73C420-5253-4F82-A31A-E2516F38ED1F}.Release|Any CPU.Build.0 = Release|Any CPU
		{90B63837-A58A-487C-9E31-62F0628B5458}.Debug|Any CPU.ActiveCfg = Debug|Any CPU
		{90B63837-A58A-487C-9E31-62F0628B5458}.Debug|Any CPU.Build.0 = Debug|Any CPU
		{90B63837-A58A-487C-9E31-62F0628B5458}.Release|Any CPU.ActiveCfg = Release|Any CPU
		{90B63837-A58A-487C-9E31-62F0628B5458}.Release|Any CPU.Build.0 = Release|Any CPU
	EndGlobalSection
	GlobalSection(SolutionProperties) = preSolution
		HideSolutionNode = FALSE
	EndGlobalSection
	GlobalSection(NestedProjects) = preSolution
		{0EDF5C1B-9C65-4EE7-8CEB-78A32899B7F4} = {72C03BB3-FBA3-4D97-B94B-39E4060B2439}
		{DB73C420-5253-4F82-A31A-E2516F38ED1F} = {3BB3093B-B6FC-4F6A-A903-CC1C321FBC27}
		{90B63837-A58A-487C-9E31-62F0628B5458} = {0F4FE419-4598-46B1-B91C-1C7BCEBC50E9}
	EndGlobalSection
	GlobalSection(ExtensibilityGlobals) = postSolution
		SolutionGuid = {2EFA3CF8-2269-41FA-AD3D-50872139ECCC}
	EndGlobalSection
EndGlobal
